
Microsoft Visual Studio Solution File, Format Version 12.00
# Visual Studio 15
VisualStudioVersion = 15.0.28307.168
MinimumVisualStudioVersion = 10.0.40219.1
Project("{F184B08F-C81C-45F6-A57F-5ABD9991F28F}") = "Cap", "Cap\Cap.vbproj", "{33D1658C-2006-4DB8-B635-AA58BFA8D92F}"
EndProject
Project("{F184B08F-C81C-45F6-A57F-5ABD9991F28F}") = "ESTRUCTURAS", "ESTRUCTURAS\ESTRUCTURAS.vbproj", "{AD2C0476-F478-4E01-9EB8-02F45D9E6E65}"
EndProject
Project("{F184B08F-C81C-45F6-A57F-5ABD9991F28F}") = "NEGOCIOS", "NEGOCIOS\NEGOCIOS.vbproj", "{A0CF7695-710D-449E-8C05-C716FCF1CF53}"
EndProject
Project("{F184B08F-C81C-45F6-A57F-5ABD9991F28F}") = "DATOS", "DATOS\DATOS.vbproj", "{B8F18D40-B5A8-4080-A81D-2C4A0FDEEE21}"
EndProject
Project("{F184B08F-C81C-45F6-A57F-5ABD9991F28F}") = "SQLconn", "SQLconn\SQLconn.vbproj", "{B07B2CB9-DB49-428A-99B1-D1BA77647A95}"
EndProject
Project("{F184B08F-C81C-45F6-A57F-5ABD9991F28F}") = "Componentes", "Componentes\Componentes.vbproj", "{CE848FF8-D5CE-4810-856B-8B0ED42478A2}"
EndProject
Global
	GlobalSection(SolutionConfigurationPlatforms) = preSolution
		Debug|Any CPU = Debug|Any CPU
		Release|Any CPU = Release|Any CPU
	EndGlobalSection
	GlobalSection(ProjectConfigurationPlatforms) = postSolution
		{33D1658C-2006-4DB8-B635-AA58BFA8D92F}.Debug|Any CPU.ActiveCfg = Debug|Any CPU
		{33D1658C-2006-4DB8-B635-AA58BFA8D92F}.Debug|Any CPU.Build.0 = Debug|Any CPU
		{33D1658C-2006-4DB8-B635-AA58BFA8D92F}.Release|Any CPU.ActiveCfg = Release|Any CPU
		{33D1658C-2006-4DB8-B635-AA58BFA8D92F}.Release|Any CPU.Build.0 = Release|Any CPU
		{AD2C0476-F478-4E01-9EB8-02F45D9E6E65}.Debug|Any CPU.ActiveCfg = Debug|Any CPU
		{AD2C0476-F478-4E01-9EB8-02F45D9E6E65}.Debug|Any CPU.Build.0 = Debug|Any CPU
		{AD2C0476-F478-4E01-9EB8-02F45D9E6E65}.Release|Any CPU.ActiveCfg = Release|Any CPU
		{AD2C0476-F478-4E01-9EB8-02F45D9E6E65}.Release|Any CPU.Build.0 = Release|Any CPU
		{A0CF7695-710D-449E-8C05-C716FCF1CF53}.Debug|Any CPU.ActiveCfg = Debug|Any CPU
		{A0CF7695-710D-449E-8C05-C716FCF1CF53}.Debug|Any CPU.Build.0 = Debug|Any CPU
		{A0CF7695-710D-449E-8C05-C716FCF1CF53}.Release|Any CPU.ActiveCfg = Release|Any CPU
		{A0CF7695-710D-449E-8C05-C716FCF1CF53}.Release|Any CPU.Build.0 = Release|Any CPU
		{B8F18D40-B5A8-4080-A81D-2C4A0FDEEE21}.Debug|Any CPU.ActiveCfg = Debug|Any CPU
		{B8F18D40-B5A8-4080-A81D-2C4A0FDEEE21}.Debug|Any CPU.Build.0 = Debug|Any CPU
		{B8F18D40-B5A8-4080-A81D-2C4A0FDEEE21}.Release|Any CPU.ActiveCfg = Release|Any CPU
		{B8F18D40-B5A8-4080-A81D-2C4A0FDEEE21}.Release|Any CPU.Build.0 = Release|Any CPU
		{B07B2CB9-DB49-428A-99B1-D1BA77647A95}.Debug|Any CPU.ActiveCfg = Debug|Any CPU
		{B07B2CB9-DB49-428A-99B1-D1BA77647A95}.Debug|Any CPU.Build.0 = Debug|Any CPU
		{B07B2CB9-DB49-428A-99B1-D1BA77647A95}.Release|Any CPU.ActiveCfg = Release|Any CPU
		{B07B2CB9-DB49-428A-99B1-D1BA77647A95}.Release|Any CPU.Build.0 = Release|Any CPU
		{CE848FF8-D5CE-4810-856B-8B0ED42478A2}.Debug|Any CPU.ActiveCfg = Debug|Any CPU
		{CE848FF8-D5CE-4810-856B-8B0ED42478A2}.Debug|Any CPU.Build.0 = Debug|Any CPU
		{CE848FF8-D5CE-4810-856B-8B0ED42478A2}.Release|Any CPU.ActiveCfg = Release|Any CPU
		{CE848FF8-D5CE-4810-856B-8B0ED42478A2}.Release|Any CPU.Build.0 = Release|Any CPU
	EndGlobalSection
	GlobalSection(SolutionProperties) = preSolution
		HideSolutionNode = FALSE
	EndGlobalSection
	GlobalSection(ExtensibilityGlobals) = postSolution
		SolutionGuid = {2747C033-32B1-41AB-850E-0640B403F4CA}
	EndGlobalSection
EndGlobal
